
Microsoft Visual Studio Solution File, Format Version 12.00
# Visual Studio Version 17
VisualStudioVersion = 17.10.35122.118
MinimumVisualStudioVersion = 10.0.40219.1
Project("{FAE04EC0-301F-11D3-BF4B-00C04F79EFBC}") = "pictureBox1", "pictureBox1.csproj", "{B52EE6C3-7C91-4E38-B506-3EF3F4B4F987}"
EndProject
Global
	GlobalSection(SolutionConfigurationPlatforms) = preSolution
		Debug|Any CPU = Debug|Any CPU
		Release|Any CPU = Release|Any CPU
	EndGlobalSection
	GlobalSection(ProjectConfigurationPlatforms) = postSolution
		{B52EE6C3-7C91-4E38-B506-3EF3F4B4F987}.Debug|Any CPU.ActiveCfg = Debug|Any CPU
		{B52EE6C3-7C91-4E38-B506-3EF3F4B4F987}.Debug|Any CPU.Build.0 = Debug|Any CPU
		{B52EE6C3-7C91-4E38-B506-3EF3F4B4F987}.Release|Any CPU.ActiveCfg = Release|Any CPU
		{B52EE6C3-7C91-4E38-B506-3EF3F4B4F987}.Release|Any CPU.Build.0 = Release|Any CPU
	EndGlobalSection
	GlobalSection(SolutionProperties) = preSolution
		HideSolutionNode = FALSE
	EndGlobalSection
	GlobalSection(ExtensibilityGlobals) = postSolution
		SolutionGuid = {142D6423-0BF8-44AD-A7BE-046D255CDCEE}
	EndGlobalSection
EndGlobal
